
Microsoft Visual Studio Solution File, Format Version 12.00
# Visual Studio Version 17
VisualStudioVersion = 17.8.34511.84
MinimumVisualStudioVersion = 10.0.40219.1
Project("{9A19103F-16F7-4668-BE54-9A1E7A4F7556}") = "PastebinTaskOne", "Program\PastebinTaskOne.csproj", "{4A7C7B95-714F-4BC6-9A13-9D601FD5A1B2}"
EndProject
Project("{9A19103F-16F7-4668-BE54-9A1E7A4F7556}") = "WebTests", "WebTests\WebTests.csproj", "{671DB556-2E67-4BBB-8F44-B61C676B779B}"
EndProject
Global
	GlobalSection(SolutionConfigurationPlatforms) = preSolution
		Debug|Any CPU = Debug|Any CPU
		Release|Any CPU = Release|Any CPU
	EndGlobalSection
	GlobalSection(ProjectConfigurationPlatforms) = postSolution
		{4A7C7B95-714F-4BC6-9A13-9D601FD5A1B2}.Debug|Any CPU.ActiveCfg = Debug|Any CPU
		{4A7C7B95-714F-4BC6-9A13-9D601FD5A1B2}.Debug|Any CPU.Build.0 = Debug|Any CPU
		{4A7C7B95-714F-4BC6-9A13-9D601FD5A1B2}.Release|Any CPU.ActiveCfg = Release|Any CPU
		{4A7C7B95-714F-4BC6-9A13-9D601FD5A1B2}.Release|Any CPU.Build.0 = Release|Any CPU
		{671DB556-2E67-4BBB-8F44-B61C676B779B}.Debug|Any CPU.ActiveCfg = Debug|Any CPU
		{671DB556-2E67-4BBB-8F44-B61C676B779B}.Debug|Any CPU.Build.0 = Debug|Any CPU
		{671DB556-2E67-4BBB-8F44-B61C676B779B}.Release|Any CPU.ActiveCfg = Release|Any CPU
		{671DB556-2E67-4BBB-8F44-B61C676B779B}.Release|Any CPU.Build.0 = Release|Any CPU
	EndGlobalSection
	GlobalSection(SolutionProperties) = preSolution
		HideSolutionNode = FALSE
	EndGlobalSection
	GlobalSection(ExtensibilityGlobals) = postSolution
		SolutionGuid = {EA3B16A7-CDF6-4E53-91C6-14AA193365E1}
	EndGlobalSection
EndGlobal
